
Microsoft Visual Studio Solution File, Format Version 12.00
# Visual Studio Version 16
VisualStudioVersion = 16.0.30114.105
MinimumVisualStudioVersion = 10.0.40219.1
Project("{9A19103F-16F7-4668-BE54-9A1E7A4F7556}") = "Localizer", "Localizer\Localizer.csproj", "{400CE646-4A18-47E3-BFC1-365D3C1FE946}"
EndProject
Project("{9A19103F-16F7-4668-BE54-9A1E7A4F7556}") = "Localizer.Gtk", "Localizer.Gtk\Localizer.Gtk.csproj", "{EEDC45CD-AB77-4957-A15C-28B077D4E82C}"
EndProject
Project("{9A19103F-16F7-4668-BE54-9A1E7A4F7556}") = "Localizer.Mac", "Localizer.Mac\Localizer.Mac.csproj", "{5DC0948C-2E05-4FB5-A03F-BE97F24E7EA0}"
EndProject
Project("{9A19103F-16F7-4668-BE54-9A1E7A4F7556}") = "Localizer.Wpf", "Localizer.Wpf\Localizer.Wpf.csproj", "{2C9EA2D6-3F90-4AE9-9925-DF3E306BF0D9}"
EndProject
Project("{FAE04EC0-301F-11D3-BF4B-00C04F79EFBC}") = "Localizer.Core", "Localizer.Kernel\Localizer.Core.csproj", "{B077D8A4-B8F9-48A1-9803-31C0D18F96D3}"
EndProject
Project("{FAE04EC0-301F-11D3-BF4B-00C04F79EFBC}") = "Localizer.Infrastructure", "Localizer.Infrastructure\Localizer.Infrastructure.csproj", "{4CB1C462-322E-4B42-85B3-3B68519E7C6B}"
EndProject
Global
	GlobalSection(SolutionConfigurationPlatforms) = preSolution
		Debug|Any CPU = Debug|Any CPU
		Debug|x64 = Debug|x64
		Debug|x86 = Debug|x86
		Release|Any CPU = Release|Any CPU
		Release|x64 = Release|x64
		Release|x86 = Release|x86
	EndGlobalSection
	GlobalSection(ProjectConfigurationPlatforms) = postSolution
		{400CE646-4A18-47E3-BFC1-365D3C1FE946}.Debug|Any CPU.ActiveCfg = Debug|Any CPU
		{400CE646-4A18-47E3-BFC1-365D3C1FE946}.Debug|Any CPU.Build.0 = Debug|Any CPU
		{400CE646-4A18-47E3-BFC1-365D3C1FE946}.Debug|x64.ActiveCfg = Debug|Any CPU
		{400CE646-4A18-47E3-BFC1-365D3C1FE946}.Debug|x64.Build.0 = Debug|Any CPU
		{400CE646-4A18-47E3-BFC1-365D3C1FE946}.Debug|x86.ActiveCfg = Debug|Any CPU
		{400CE646-4A18-47E3-BFC1-365D3C1FE946}.Debug|x86.Build.0 = Debug|Any CPU
		{400CE646-4A18-47E3-BFC1-365D3C1FE946}.Release|Any CPU.ActiveCfg = Release|Any CPU
		{400CE646-4A18-47E3-BFC1-365D3C1FE946}.Release|Any CPU.Build.0 = Release|Any CPU
		{400CE646-4A18-47E3-BFC1-365D3C1FE946}.Release|x64.ActiveCfg = Release|Any CPU
		{400CE646-4A18-47E3-BFC1-365D3C1FE946}.Release|x64.Build.0 = Release|Any CPU
		{400CE646-4A18-47E3-BFC1-365D3C1FE946}.Release|x86.ActiveCfg = Release|Any CPU
		{400CE646-4A18-47E3-BFC1-365D3C1FE946}.Release|x86.Build.0 = Release|Any CPU
		{EEDC45CD-AB77-4957-A15C-28B077D4E82C}.Debug|Any CPU.ActiveCfg = Debug|Any CPU
		{EEDC45CD-AB77-4957-A15C-28B077D4E82C}.Debug|Any CPU.Build.0 = Debug|Any CPU
		{EEDC45CD-AB77-4957-A15C-28B077D4E82C}.Debug|x64.ActiveCfg = Debug|Any CPU
		{EEDC45CD-AB77-4957-A15C-28B077D4E82C}.Debug|x64.Build.0 = Debug|Any CPU
		{EEDC45CD-AB77-4957-A15C-28B077D4E82C}.Debug|x86.ActiveCfg = Debug|Any CPU
		{EEDC45CD-AB77-4957-A15C-28B077D4E82C}.Debug|x86.Build.0 = Debug|Any CPU
		{EEDC45CD-AB77-4957-A15C-28B077D4E82C}.Release|Any CPU.ActiveCfg = Release|Any CPU
		{EEDC45CD-AB77-4957-A15C-28B077D4E82C}.Release|Any CPU.Build.0 = Release|Any CPU
		{EEDC45CD-AB77-4957-A15C-28B077D4E82C}.Release|x64.ActiveCfg = Release|Any CPU
		{EEDC45CD-AB77-4957-A15C-28B077D4E82C}.Release|x64.Build.0 = Release|Any CPU
		{EEDC45CD-AB77-4957-A15C-28B077D4E82C}.Release|x86.ActiveCfg = Release|Any CPU
		{EEDC45CD-AB77-4957-A15C-28B077D4E82C}.Release|x86.Build.0 = Release|Any CPU
		{5DC0948C-2E05-4FB5-A03F-BE97F24E7EA0}.Debug|Any CPU.ActiveCfg = Debug|Any CPU
		{5DC0948C-2E05-4FB5-A03F-BE97F24E7EA0}.Debug|Any CPU.Build.0 = Debug|Any CPU
		{5DC0948C-2E05-4FB5-A03F-BE97F24E7EA0}.Debug|x64.ActiveCfg = Debug|Any CPU
		{5DC0948C-2E05-4FB5-A03F-BE97F24E7EA0}.Debug|x64.Build.0 = Debug|Any CPU
		{5DC0948C-2E05-4FB5-A03F-BE97F24E7EA0}.Debug|x86.ActiveCfg = Debug|Any CPU
		{5DC0948C-2E05-4FB5-A03F-BE97F24E7EA0}.Debug|x86.Build.0 = Debug|Any CPU
		{5DC0948C-2E05-4FB5-A03F-BE97F24E7EA0}.Release|Any CPU.ActiveCfg = Release|Any CPU
		{5DC0948C-2E05-4FB5-A03F-BE97F24E7EA0}.Release|Any CPU.Build.0 = Release|Any CPU
		{5DC0948C-2E05-4FB5-A03F-BE97F24E7EA0}.Release|x64.ActiveCfg = Release|Any CPU
		{5DC0948C-2E05-4FB5-A03F-BE97F24E7EA0}.Release|x64.Build.0 = Release|Any CPU
		{5DC0948C-2E05-4FB5-A03F-BE97F24E7EA0}.Release|x86.ActiveCfg = Release|Any CPU
		{5DC0948C-2E05-4FB5-A03F-BE97F24E7EA0}.Release|x86.Build.0 = Release|Any CPU
		{2C9EA2D6-3F90-4AE9-9925-DF3E306BF0D9}.Debug|Any CPU.ActiveCfg = Debug|Any CPU
		{2C9EA2D6-3F90-4AE9-9925-DF3E306BF0D9}.Debug|Any CPU.Build.0 = Debug|Any CPU
		{2C9EA2D6-3F90-4AE9-9925-DF3E306BF0D9}.Debug|x64.ActiveCfg = Debug|Any CPU
		{2C9EA2D6-3F90-4AE9-9925-DF3E306BF0D9}.Debug|x64.Build.0 = Debug|Any CPU
		{2C9EA2D6-3F90-4AE9-9925-DF3E306BF0D9}.Debug|x86.ActiveCfg = Debug|Any CPU
		{2C9EA2D6-3F90-4AE9-9925-DF3E306BF0D9}.Debug|x86.Build.0 = Debug|Any CPU
		{2C9EA2D6-3F90-4AE9-9925-DF3E306BF0D9}.Release|Any CPU.ActiveCfg = Release|Any CPU
		{2C9EA2D6-3F90-4AE9-9925-DF3E306BF0D9}.Release|Any CPU.Build.0 = Release|Any CPU
		{2C9EA2D6-3F90-4AE9-9925-DF3E306BF0D9}.Release|x64.ActiveCfg = Release|Any CPU
		{2C9EA2D6-3F90-4AE9-9925-DF3E306BF0D9}.Release|x64.Build.0 = Release|Any CPU
		{2C9EA2D6-3F90-4AE9-9925-DF3E306BF0D9}.Release|x86.ActiveCfg = Release|Any CPU
		{2C9EA2D6-3F90-4AE9-9925-DF3E306BF0D9}.Release|x86.Build.0 = Release|Any CPU
		{B077D8A4-B8F9-48A1-9803-31C0D18F96D3}.Debug|Any CPU.ActiveCfg = Debug|Any CPU
		{B077D8A4-B8F9-48A1-9803-31C0D18F96D3}.Debug|Any CPU.Build.0 = Debug|Any CPU
		{B077D8A4-B8F9-48A1-9803-31C0D18F96D3}.Debug|x64.ActiveCfg = Debug|Any CPU
		{B077D8A4-B8F9-48A1-9803-31C0D18F96D3}.Debug|x64.Build.0 = Debug|Any CPU
		{B077D8A4-B8F9-48A1-9803-31C0D18F96D3}.Debug|x86.ActiveCfg = Debug|Any CPU
		{B077D8A4-B8F9-48A1-9803-31C0D18F96D3}.Debug|x86.Build.0 = Debug|Any CPU
		{B077D8A4-B8F9-48A1-9803-31C0D18F96D3}.Release|Any CPU.ActiveCfg = Release|Any CPU
		{B077D8A4-B8F9-48A1-9803-31C0D18F96D3}.Release|Any CPU.Build.0 = Release|Any CPU
		{B077D8A4-B8F9-48A1-9803-31C0D18F96D3}.Release|x64.ActiveCfg = Release|Any CPU
		{B077D8A4-B8F9-48A1-9803-31C0D18F96D3}.Release|x64.Build.0 = Release|Any CPU
		{B077D8A4-B8F9-48A1-9803-31C0D18F96D3}.Release|x86.ActiveCfg = Release|Any CPU
		{B077D8A4-B8F9-48A1-9803-31C0D18F96D3}.Release|x86.Build.0 = Release|Any CPU
		{4CB1C462-322E-4B42-85B3-3B68519E7C6B}.Debug|Any CPU.ActiveCfg = Debug|Any CPU
		{4CB1C462-322E-4B42-85B3-3B68519E7C6B}.Debug|Any CPU.Build.0 = Debug|Any CPU
		{4CB1C462-322E-4B42-85B3-3B68519E7C6B}.Debug|x64.ActiveCfg = Debug|Any CPU
		{4CB1C462-322E-4B42-85B3-3B68519E7C6B}.Debug|x64.Build.0 = Debug|Any CPU
		{4CB1C462-322E-4B42-85B3-3B68519E7C6B}.Debug|x86.ActiveCfg = Debug|Any CPU
		{4CB1C462-322E-4B42-85B3-3B68519E7C6B}.Debug|x86.Build.0 = Debug|Any CPU
		{4CB1C462-322E-4B42-85B3-3B68519E7C6B}.Release|Any CPU.ActiveCfg = Release|Any CPU
		{4CB1C462-322E-4B42-85B3-3B68519E7C6B}.Release|Any CPU.Build.0 = Release|Any CPU
		{4CB1C462-322E-4B42-85B3-3B68519E7C6B}.Release|x64.ActiveCfg = Release|Any CPU
		{4CB1C462-322E-4B42-85B3-3B68519E7C6B}.Release|x64.Build.0 = Release|Any CPU
		{4CB1C462-322E-4B42-85B3-3B68519E7C6B}.Release|x86.ActiveCfg = Release|Any CPU
		{4CB1C462-322E-4B42-85B3-3B68519E7C6B}.Release|x86.Build.0 = Release|Any CPU
	EndGlobalSection
	GlobalSection(SolutionProperties) = preSolution
		HideSolutionNode = FALSE
	EndGlobalSection
	GlobalSection(ExtensibilityGlobals) = postSolution
		SolutionGuid = {C19A1AD9-10E1-4F0C-80AB-3DE38DC7870F}
	EndGlobalSection
EndGlobal
